{
    "_meta": {
        "hash": {
            "sha256": "1aae56cc73580b1f15ed6bed6ab15ae058dbac7fe833f3f8812d7d54d9997bf9"
        },
        "pipfile-spec": 6,
        "requires": {
            "python_version": "3.6"
        },
        "sources": [
            {
                "name": "pypi",
                "url": "https://pypi.org/simple",
                "verify_ssl": true
            }
        ]
    },
    "default": {
        "cftime": {
            "hashes": [
                "sha256:1fb16d66d72913a0889b1c69d233a694d9ad3bb7648b3e61125bbb85c56363f7",
                "sha256:20556931f546838d09be5d589482dfae6164e0d403f0aab2163c006b680d3b92",
                "sha256:2177504d78ca9d4ed75b520d374d0768c44b72698258a42a8ecde5c24e0b1b0f",
                "sha256:33476c04b9e03b39c0751308f85f8061d62cbc4e089916f5d0e3130dcea0bbb9",
                "sha256:57077a99ef64faead85b5fad6a0efd3a929cbab935be57c6e74aee1446ec2e4b",
                "sha256:7a14e2d38e74f4b270b789fb70a2090339752147f8d6369b319b56a9922e898c",
                "sha256:8c86a67d029cf58164aede5575ca14ccd335df03b0f4e95cf028132a563afca2",
                "sha256:a1bed2dd05f2169c552b44c1fa8c5640d83eb9d33625db2f4f694e579fae584f",
                "sha256:be4489daa0e5a0cdc1bccf744b8b7cac2888b5050a5093ec7d2097c34817177e",
                "sha256:cf0834cbae0b658148cea2a2412459a89ff5631749bf35cfdc7035f05a296fc0",
                "sha256:dcd0f9a4bf616b81aa7d7cadf1dae3e9b32941e31b65f59be759208732cc9c05"
            ],
            "markers": "python_version != '3.1.*' and python_version != '3.0.*' and python_version != '3.3.*' and python_version != '3.2.*' and python_version >= '2.7'",
            "version": "==1.0.1"
        },
        "docutils": {
            "hashes": [
                "sha256:02aec4bd92ab067f6ff27a38a38a41173bf01bed8f89157768c1573f53e474a6",
                "sha256:51e64ef2ebfb29cae1faa133b3710143496eca21c530f3f71424d77687764274",
                "sha256:7a4bd47eaf6596e1295ecb11361139febe29b084a87bf005bf899f9a42edc3c6"
            ],
            "version": "==0.14"
        },
        "jinja2": {
            "hashes": [
                "sha256:74c935a1b8bb9a3947c50a54766a969d4846290e1e788ea44c1392163723c3bd",
                "sha256:f84be1bb0040caca4cea721fcbbbbd61f9be9464ca236387158b0feea01914a4"
            ],
            "version": "==2.10"
        },
        "lockfile": {
            "hashes": [
                "sha256:6aed02de03cba24efabcd600b30540140634fc06cfa603822d508d5361e9f799",
                "sha256:6c3cb24f344923d30b2785d5ad75182c8ea7ac1b6171b08657258ec7429d50fa"
            ],
            "version": "==0.12.2"
        },
        "luigi": {
            "hashes": [
                "sha256:4664648cec5b2473cf49997d4f86cf2481c568924281f6ac44553f123563e269"
            ],
            "index": "pypi",
            "version": "==2.7.8"
        },
        "markupsafe": {
            "hashes": [
                "sha256:a6be69091dac236ea9c6bc7d012beab42010fa914c459791d627dad4910eb665"
            ],
            "version": "==1.0"
        },
        "netcdf4": {
            "hashes": [
                "sha256:056210e83688b104b71281ab9fe45e5fd945d65580cc8030865921e78016cf6f",
                "sha256:11829a2572b985f9e202d5b550b52334a2ecf66dbfa7af69e6112c9ebf8b03d2",
                "sha256:1876219e90ce68cef76b7fcaa2dfbe847ece251296fabd55f5d6a7d9be6383d7",
                "sha256:18fbcb26c3005cbae4de160bc22eacd757b3de248278d8e30f03ab27d2d4ded0",
                "sha256:45ee95cba5f5891a11bc0f9c69947c1e9a764e88a1aa7e0b38fae8974f983b98",
                "sha256:579a814b373336563f3a38b772ba459ff81222efad9376bc9fe090b882fc8dfc",
                "sha256:5ad5a92faa2ce3bf80d8451cca5272948561dbd25a6eea232670a0ccead9f05c",
                "sha256:61e84511575618857b1069db385817974c725fa9fed084218c670d6cd29e5c55",
                "sha256:70d9424d8b3ce097e190a8e5fc4dd8b2642a88a38bb99e39c4ddae873dcd1cb6",
                "sha256:86e114c8a58b72ce89c29575912d60c5efbbc582f33eb32cf68bfade31d07a27",
                "sha256:917f0e18bc9e53413cefccd86b71f0a5a627769f28f2803feeffaaffd42517be",
                "sha256:a269c2a375ef1361be462d6c04c3a55bc8e6e717ff1d2eed20b2e188459fbb81",
                "sha256:ac1ae16300eb5c90db9d468a6c976a856bfacafe1ee4a9be7ad6310b10e88a0f",
                "sha256:aebc09dd071de3976d35b9acd4d3f2ca74e2656a07464f7bc7a9e4082b5ee9b0",
                "sha256:b1ea54ccf3c1dc46a3a7463708d4f1470e94892c5c9754d9c35a103b75d82c70",
                "sha256:ba231ce919cef00b251f89b7406cc3117c60fc32519665bbf7912921bf425f8f",
                "sha256:c0dab6916693b5eaae89740eaab1a50ba337c6c280d923e1552d638600e1d7e0",
                "sha256:c7d5a748c570a9342e9b1280ef021c2219739fd2fe5a8ce02eb970ffee1f5c36",
                "sha256:cab62d95c8deb822ac3ecd8dc78043bb163d95b2568b4e93b3baa438d8324edf",
                "sha256:cac34ec37e115a2762741a288db7be9b3256b6deb4a9bb0cdb7e207c3f6fb0b2",
                "sha256:d4fc65b98e348c39d082ab6b4b7f6d636b1b4e63bec016e5bca189fee5d46403",
                "sha256:def8226a7806e1084abfa43318796b4c806eda4b14a013e2c072468eba8d91e3",
                "sha256:e943f3f4e209ad1f3284406097d7bf47da5176840923e30f0bdcfe85d38c4f7f",
                "sha256:ec07c03f102eef4566131f5b5451eff5ca5761874e3ce81a8b124556d0ebed52",
                "sha256:f1cad3f65a0784c7bb7d0dd1c85af2900602e2d8067652184a742ca70daf56fc"
            ],
            "index": "pypi",
            "version": "==1.4.1"
        },
        "numpy": {
            "hashes": [
                "sha256:1b1cf8f7300cf7b11ddb4250b3898c711a6187df05341b5b7153db23ffe5d498",
                "sha256:27a0d018f608a3fe34ac5e2b876f4c23c47e38295c47dd0775cc294cd2614bc1",
                "sha256:3fde172e28c899580d32dc21cb6d4a1225d62362f61050b654545c662eac215a",
                "sha256:497d7c86df4f85eb03b7f58a7dd0f8b948b1f582e77629341f624ba301b4d204",
                "sha256:4e28e66cf80c09a628ae680efeb0aa9a066eb4bb7db2a5669024c5b034891576",
                "sha256:58be95faf0ca2d886b5b337e7cba2923e3ad1224b806a91223ea39f1e0c77d03",
                "sha256:5b4dfb6551eaeaf532054e2c6ef4b19c449c2e3a709ebdde6392acb1372ecabc",
                "sha256:63f833a7c622e9082df3cbaf03b4fd92d7e0c11e2f9d87cb57dbf0e84441964b",
                "sha256:71bf3b7ca15b1967bba3a1ef6a8e87286382a8b5e46ac76b42a02fe787c5237d",
                "sha256:733dc5d47e71236263837825b69c975bc08728ae638452b34aeb1d6fa347b780",
                "sha256:82f00a1e2695a0e5b89879aa25ea614530b8ebdca6d49d4834843d498e8a5e92",
                "sha256:866bf72b9c3bfabe4476d866c70ee1714ad3e2f7b7048bb934892335e7b6b1f7",
                "sha256:8aeac8b08f4b8c52129518efcd93706bb6d506ccd17830b67d18d0227cf32d9e",
                "sha256:8d2cfb0aef7ec8759736cce26946efa084cdf49797712333539ef7d135e0295e",
                "sha256:981224224bbf44d95278eb37996162e8beb6f144d2719b144e86dfe2fce6c510",
                "sha256:981daff58fa3985a26daa4faa2b726c4e7a1d45178100125c0e1fdaf2ac64978",
                "sha256:9ad36dbfdbb0cba90a08e7343fadf86f43cf6d87450e8d2b5d71d7c7202907e4",
                "sha256:a251570bb3cb04f1627f23c234ad09af0e54fc8194e026cf46178f2e5748d647",
                "sha256:b5ff7dae352fd9e1edddad1348698e9fea14064460a7e39121ef9526745802e6",
                "sha256:c898f9cca806102fcacb6309899743aa39efb2ad2a302f4c319f54db9f05cd84",
                "sha256:cf4b970042ce148ad8dce4369c02a4078b382dadf20067ce2629c239d76460d1",
                "sha256:d1569013e8cc8f37e9769d19effdd85e404c976cd0ca28a94e3ddc026c216ae8",
                "sha256:dca261e85fe0d34b2c242ecb31c9ab693509af2cf955d9caf01ee3ef3669abd0",
                "sha256:ec8bf53ef7c92c99340972519adbe122e82c81d5b87cbd955c74ba8a8cd2a4ad",
                "sha256:f2e55726a9ee2e8129d6ce6abb466304868051bcc7a09d652b3b07cd86e801a2",
                "sha256:f4dee74f2626c783a3804df9191e9008946a104d5a284e52427a53ff576423cb",
                "sha256:f592fd7fe1f20b5041928cce1330937eca62f9058cb41e69c2c2d83cffc0d1e3",
                "sha256:ffab5b80bba8c86251291b8ce2e6c99a61446459d4c6637f5d5cc8c9ce37c972"
            ],
            "index": "pypi",
            "version": "==1.15.2"
        },
        "pandas": {
            "hashes": [
                "sha256:11975fad9edbdb55f1a560d96f91830e83e29bed6ad5ebf506abda09818eaf60",
                "sha256:12e13d127ca1b585dd6f6840d3fe3fa6e46c36a6afe2dbc5cb0b57032c902e31",
                "sha256:1c87fcb201e1e06f66e23a61a5fea9eeebfe7204a66d99df24600e3f05168051",
                "sha256:242e9900de758e137304ad4b5663c2eff0d798c2c3b891250bd0bd97144579da",
                "sha256:26c903d0ae1542890cb9abadb4adcb18f356b14c2df46e4ff657ae640e3ac9e7",
                "sha256:2e1e88f9d3e5f107b65b59cd29f141995597b035d17cc5537e58142038942e1a",
                "sha256:31b7a48b344c14691a8e92765d4023f88902ba3e96e2e4d0364d3453cdfd50db",
                "sha256:4fd07a932b4352f8a8973761ab4e84f965bf81cc750fb38e04f01088ab901cb8",
                "sha256:5b24ca47acf69222e82530e89111dd9d14f9b970ab2cd3a1c2c78f0c4fbba4f4",
                "sha256:647b3b916cc8f6aeba240c8171be3ab799c3c1b2ea179a3be0bd2712c4237553",
                "sha256:66b060946046ca27c0e03e9bec9bba3e0b918bafff84c425ca2cc2e157ce121e",
                "sha256:6efa9fa6e1434141df8872d0fa4226fc301b17aacf37429193f9d70b426ea28f",
                "sha256:be4715c9d8367e51dbe6bc6d05e205b1ae234f0dc5465931014aa1c4af44c1ba",
                "sha256:bea90da782d8e945fccfc958585210d23de374fa9294a9481ed2abcef637ebfc",
                "sha256:d318d77ab96f66a59e792a481e2701fba879e1a453aefeebdb17444fe204d1ed",
                "sha256:d785fc08d6f4207437e900ffead930a61e634c5e4f980ba6d3dc03c9581748c7",
                "sha256:de9559287c4fe8da56e8c3878d2374abc19d1ba2b807bfa7553e912a8e5ba87c",
                "sha256:f4f98b190bb918ac0bc0e3dd2ab74ff3573da9f43106f6dba6385406912ec00f",
                "sha256:f71f1a7e2d03758f6e957896ed696254e2bc83110ddbc6942018f1a232dd9dad",
                "sha256:fb944c8f0b0ab5c1f7846c686bc4cdf8cde7224655c12edcd59d5212cd57bec0"
            ],
            "index": "pypi",
            "version": "==0.23.4"
        },
        "progressbar": {
            "hashes": [
                "sha256:5d81cb529da2e223b53962afd6c8ca0f05c6670e40309a7219eacc36af9b6c63"
            ],
            "index": "pypi",
            "version": "==2.5"
        },
        "python-daemon": {
            "hashes": [
                "sha256:aca149ebf7e73f10cd554b2df5c95295d49add8666348eff6195053ec307728c"
            ],
            "version": "==2.2.0"
        },
        "python-dateutil": {
            "hashes": [
                "sha256:1adb80e7a782c12e52ef9a8182bebeb73f1d7e24e374397af06fb4956c8dc5c0",
                "sha256:e27001de32f627c22380a688bcc43ce83504a7bc5da472209b4c70f02829f0b8"
            ],
            "version": "==2.7.3"
        },
        "pytz": {
            "hashes": [
                "sha256:a061aa0a9e06881eb8b3b2b43f05b9439d6583c206d0a6c340ff72a7b6669053",
                "sha256:ffb9ef1de172603304d9d2819af6f5ece76f2e85ec10692a524dd876e72bf277"
            ],
            "version": "==2018.5"
        },
        "rpy2": {
            "hashes": [
                "sha256:6d11505999bb1fdb74b0c2e857879b973ff7995bf495d168b01995dbfcae4110",
                "sha256:be57f741d0c284b5d8785ab03dff0e829303e5ac30e548d5ceb46e05b168812e"
            ],
            "index": "pypi",
            "version": "==2.9.4"
        },
        "six": {
            "hashes": [
                "sha256:70e8a77beed4562e7f14fe23a786b54f6296e34344c23bc42f07b15018ff98e9",
                "sha256:832dc0e10feb1aa2c68dcc57dbb658f1c7e65b9b61af69048abc87a2db00a0eb"
            ],
            "version": "==1.11.0"
        },
        "tornado": {
            "hashes": [
                "sha256:5ef073ac6180038ccf99411fe05ae9aafb675952a2c8db60592d5daf8401f803",
                "sha256:6d14e47eab0e15799cf3cdcc86b0b98279da68522caace2bd7ce644287685f0a",
                "sha256:92b7ca81e18ba9ec3031a7ee73d4577ac21d41a0c9b775a9182f43301c3b5f8e",
                "sha256:ab587996fe6fb9ce65abfda440f9b61e4f9f2cf921967723540679176915e4c3",
                "sha256:b36298e9f63f18cad97378db2222c0e0ca6a55f6304e605515e05a25483ed51a"
            ],
            "version": "==4.5.3"
        },
        "xarray": {
            "hashes": [
                "sha256:6035ef1520416e8aaf051c9de1a2eadb469fecef790f0cd0982c246af91f4009",
                "sha256:cb3028ba157e1953fd279bbe17c07bb5faa459ddf555bbe687c927e4cdfeecc3"
            ],
            "index": "pypi",
            "version": "==0.10.9"
        }
    },
    "develop": {}
}
